
Microsoft Visual Studio Solution File, Format Version 12.00
# Visual Studio Version 17
VisualStudioVersion = 17.7.34018.315
MinimumVisualStudioVersion = 10.0.40219.1
Project("{9A19103F-16F7-4668-BE54-9A1E7A4F7556}") = "SistemaGestionEntities", "AppClientesEntities\SistemaGestionEntities.csproj", "{4C4674E8-DA8E-44A6-827A-5344153BD1D2}"
EndProject
Project("{9A19103F-16F7-4668-BE54-9A1E7A4F7556}") = "SistemaGestionData", "AppClientesData\SistemaGestionData.csproj", "{C70C1A54-C2B9-4551-8379-9FC4116FB7EA}"
EndProject
Project("{9A19103F-16F7-4668-BE54-9A1E7A4F7556}") = "SistemaGestionBusiness", "AppClientesBussiness\SistemaGestionBusiness.csproj", "{B683D6CA-C21A-47B4-830E-1751DDD43908}"
EndProject
Project("{9A19103F-16F7-4668-BE54-9A1E7A4F7556}") = "SistemaGestionWebAPI", "AppClientesUserWebAPI\SistemaGestionWebAPI.csproj", "{6335C001-6B58-4DA8-8DB4-E8B359FACEAB}"
EndProject
Global
	GlobalSection(SolutionConfigurationPlatforms) = preSolution
		Debug|Any CPU = Debug|Any CPU
		Release|Any CPU = Release|Any CPU
	EndGlobalSection
	GlobalSection(ProjectConfigurationPlatforms) = postSolution
		{4C4674E8-DA8E-44A6-827A-5344153BD1D2}.Debug|Any CPU.ActiveCfg = Debug|Any CPU
		{4C4674E8-DA8E-44A6-827A-5344153BD1D2}.Debug|Any CPU.Build.0 = Debug|Any CPU
		{4C4674E8-DA8E-44A6-827A-5344153BD1D2}.Release|Any CPU.ActiveCfg = Release|Any CPU
		{4C4674E8-DA8E-44A6-827A-5344153BD1D2}.Release|Any CPU.Build.0 = Release|Any CPU
		{C70C1A54-C2B9-4551-8379-9FC4116FB7EA}.Debug|Any CPU.ActiveCfg = Debug|Any CPU
		{C70C1A54-C2B9-4551-8379-9FC4116FB7EA}.Debug|Any CPU.Build.0 = Debug|Any CPU
		{C70C1A54-C2B9-4551-8379-9FC4116FB7EA}.Release|Any CPU.ActiveCfg = Release|Any CPU
		{C70C1A54-C2B9-4551-8379-9FC4116FB7EA}.Release|Any CPU.Build.0 = Release|Any CPU
		{B683D6CA-C21A-47B4-830E-1751DDD43908}.Debug|Any CPU.ActiveCfg = Debug|Any CPU
		{B683D6CA-C21A-47B4-830E-1751DDD43908}.Debug|Any CPU.Build.0 = Debug|Any CPU
		{B683D6CA-C21A-47B4-830E-1751DDD43908}.Release|Any CPU.ActiveCfg = Release|Any CPU
		{B683D6CA-C21A-47B4-830E-1751DDD43908}.Release|Any CPU.Build.0 = Release|Any CPU
		{6335C001-6B58-4DA8-8DB4-E8B359FACEAB}.Debug|Any CPU.ActiveCfg = Debug|Any CPU
		{6335C001-6B58-4DA8-8DB4-E8B359FACEAB}.Debug|Any CPU.Build.0 = Debug|Any CPU
		{6335C001-6B58-4DA8-8DB4-E8B359FACEAB}.Release|Any CPU.ActiveCfg = Release|Any CPU
		{6335C001-6B58-4DA8-8DB4-E8B359FACEAB}.Release|Any CPU.Build.0 = Release|Any CPU
	EndGlobalSection
	GlobalSection(SolutionProperties) = preSolution
		HideSolutionNode = FALSE
	EndGlobalSection
	GlobalSection(ExtensibilityGlobals) = postSolution
		SolutionGuid = {A6E95C69-9AAC-46A2-9649-7CEFB385ADD8}
	EndGlobalSection
EndGlobal
